
Microsoft Visual Studio Solution File, Format Version 12.00
# Visual Studio 2013
VisualStudioVersion = 12.0.31101.0
MinimumVisualStudioVersion = 10.0.40219.1
Project("{FAE04EC0-301F-11D3-BF4B-00C04F79EFBC}") = "CommonLibrary.Client", "CommonLibrary.Client\CommonLibrary.Client.csproj", "{C9B3EDC4-2A3F-4545-AF24-016457DBAD08}"
EndProject
Project("{FAE04EC0-301F-11D3-BF4B-00C04F79EFBC}") = "CommonLibrary.Test", "CommonLibrary.Test\CommonLibrary.Test.csproj", "{6E607AF8-50AA-4795-BB2C-AB9888B7D179}"
EndProject
Global
	GlobalSection(SolutionConfigurationPlatforms) = preSolution
		Debug|Any CPU = Debug|Any CPU
		Release|Any CPU = Release|Any CPU
	EndGlobalSection
	GlobalSection(ProjectConfigurationPlatforms) = postSolution
		{C9B3EDC4-2A3F-4545-AF24-016457DBAD08}.Debug|Any CPU.ActiveCfg = Debug|Any CPU
		{C9B3EDC4-2A3F-4545-AF24-016457DBAD08}.Debug|Any CPU.Build.0 = Debug|Any CPU
		{C9B3EDC4-2A3F-4545-AF24-016457DBAD08}.Release|Any CPU.ActiveCfg = Release|Any CPU
		{C9B3EDC4-2A3F-4545-AF24-016457DBAD08}.Release|Any CPU.Build.0 = Release|Any CPU
		{6E607AF8-50AA-4795-BB2C-AB9888B7D179}.Debug|Any CPU.ActiveCfg = Debug|Any CPU
		{6E607AF8-50AA-4795-BB2C-AB9888B7D179}.Debug|Any CPU.Build.0 = Debug|Any CPU
		{6E607AF8-50AA-4795-BB2C-AB9888B7D179}.Release|Any CPU.ActiveCfg = Release|Any CPU
		{6E607AF8-50AA-4795-BB2C-AB9888B7D179}.Release|Any CPU.Build.0 = Release|Any CPU
	EndGlobalSection
	GlobalSection(SolutionProperties) = preSolution
		HideSolutionNode = FALSE
	EndGlobalSection
EndGlobal
